
Microsoft Visual Studio Solution File, Format Version 12.00
# Visual Studio 2013
VisualStudioVersion = 12.0.31101.0
MinimumVisualStudioVersion = 10.0.40219.1
Project("{FAE04EC0-301F-11D3-BF4B-00C04F79EFBC}") = "HydroServerTools", "HydroServerTools\HydroServerTools.csproj", "{F8C4C4C8-B264-4D76-B6AB-BBF26C0332B5}"
EndProject
Project("{FAE04EC0-301F-11D3-BF4B-00C04F79EFBC}") = "HydroServerTools.Tests", "HydroServerTools.Tests\HydroServerTools.Tests.csproj", "{4CD6AD91-4847-48EF-88F1-ABE71DA92383}"
EndProject
Project("{FAE04EC0-301F-11D3-BF4B-00C04F79EFBC}") = "HydroserverToolsBusinessObjects", "HydroserverToolsBusinessObjects\HydroserverToolsBusinessObjects.csproj", "{7CAB9A1B-DEDF-4C2F-801E-05CC8F136455}"
EndProject
Project("{2150E333-8FDC-42A3-9474-1A3956D46DE8}") = "Solution Items", "Solution Items", "{C75875B3-07C9-4B04-BD04-876BCBC67B6B}"
	ProjectSection(SolutionItems) = preProject
		Performance1.psess = Performance1.psess
	EndProjectSection
EndProject
Project("{FAE04EC0-301F-11D3-BF4B-00C04F79EFBC}") = "HydroServerManage", "HydroServerManage\HydroServerManage\HydroServerManage.csproj", "{D8BB52C9-16BF-42D2-93B4-EB792E5B9314}"
EndProject
Project("{FAE04EC0-301F-11D3-BF4B-00C04F79EFBC}") = "HydroServerToolsRepository", "HydroServerToolsRepository\HydroServerToolsRepository\HydroServerToolsRepository.csproj", "{2B8B6F28-FCE4-4A9E-A016-1CB40918FFE7}"
EndProject
Project("{FAE04EC0-301F-11D3-BF4B-00C04F79EFBC}") = "ODM_1_1_1EFModel", "ODM_1_1_1EFModel\ODM_1_1_1EFModel\ODM_1_1_1EFModel.csproj", "{4F03E897-3890-4762-8A71-18C379BB7957}"
EndProject
Project("{FAE04EC0-301F-11D3-BF4B-00C04F79EFBC}") = "jQuery.DataTables.Mvc", "jQuery.DataTables.Mvc\jQuery.DataTables.Mvc.csproj", "{3383D0E2-C499-4F02-9D29-F744741AA999}"
EndProject
Project("{FAE04EC0-301F-11D3-BF4B-00C04F79EFBC}") = "WebRole1", "WebRole1\WebRole1.csproj", "{1E73929C-D2E5-4362-839D-3E8FF61545D0}"
EndProject
Project("{CC5FD16D-436D-48AD-A40C-5A424C6E3E79}") = "HydroservertoolsAzure", "HydroservertoolsAzure\HydroservertoolsAzure.ccproj", "{E394C94A-27B6-4E0F-A8E1-5C59AB98CC13}"
EndProject
Project("{FAE04EC0-301F-11D3-BF4B-00C04F79EFBC}") = "CacheWorkerRole1", "CacheWorkerRole1\CacheWorkerRole1.csproj", "{320294F2-506A-44CA-830C-C60750C9B0FB}"
EndProject
Project("{2150E333-8FDC-42A3-9474-1A3956D46DE8}") = ".nuget", ".nuget", "{E56494F5-196D-4D95-A11E-9DCB7BB4E413}"
	ProjectSection(SolutionItems) = preProject
		.nuget\NuGet.Config = .nuget\NuGet.Config
		.nuget\NuGet.exe = .nuget\NuGet.exe
		.nuget\NuGet.targets = .nuget\NuGet.targets
	EndProjectSection
EndProject
Global
	GlobalSection(SolutionConfigurationPlatforms) = preSolution
		Debug|Any CPU = Debug|Any CPU
		Release|Any CPU = Release|Any CPU
	EndGlobalSection
	GlobalSection(ProjectConfigurationPlatforms) = postSolution
		{F8C4C4C8-B264-4D76-B6AB-BBF26C0332B5}.Debug|Any CPU.ActiveCfg = Debug|Any CPU
		{F8C4C4C8-B264-4D76-B6AB-BBF26C0332B5}.Debug|Any CPU.Build.0 = Debug|Any CPU
		{F8C4C4C8-B264-4D76-B6AB-BBF26C0332B5}.Release|Any CPU.ActiveCfg = Release|Any CPU
		{F8C4C4C8-B264-4D76-B6AB-BBF26C0332B5}.Release|Any CPU.Build.0 = Release|Any CPU
		{4CD6AD91-4847-48EF-88F1-ABE71DA92383}.Debug|Any CPU.ActiveCfg = Debug|Any CPU
		{4CD6AD91-4847-48EF-88F1-ABE71DA92383}.Debug|Any CPU.Build.0 = Debug|Any CPU
		{4CD6AD91-4847-48EF-88F1-ABE71DA92383}.Release|Any CPU.ActiveCfg = Release|Any CPU
		{4CD6AD91-4847-48EF-88F1-ABE71DA92383}.Release|Any CPU.Build.0 = Release|Any CPU
		{7CAB9A1B-DEDF-4C2F-801E-05CC8F136455}.Debug|Any CPU.ActiveCfg = Debug|Any CPU
		{7CAB9A1B-DEDF-4C2F-801E-05CC8F136455}.Debug|Any CPU.Build.0 = Debug|Any CPU
		{7CAB9A1B-DEDF-4C2F-801E-05CC8F136455}.Release|Any CPU.ActiveCfg = Release|Any CPU
		{7CAB9A1B-DEDF-4C2F-801E-05CC8F136455}.Release|Any CPU.Build.0 = Release|Any CPU
		{D8BB52C9-16BF-42D2-93B4-EB792E5B9314}.Debug|Any CPU.ActiveCfg = Debug|Any CPU
		{D8BB52C9-16BF-42D2-93B4-EB792E5B9314}.Debug|Any CPU.Build.0 = Debug|Any CPU
		{D8BB52C9-16BF-42D2-93B4-EB792E5B9314}.Release|Any CPU.ActiveCfg = Release|Any CPU
		{D8BB52C9-16BF-42D2-93B4-EB792E5B9314}.Release|Any CPU.Build.0 = Release|Any CPU
		{2B8B6F28-FCE4-4A9E-A016-1CB40918FFE7}.Debug|Any CPU.ActiveCfg = Debug|Any CPU
		{2B8B6F28-FCE4-4A9E-A016-1CB40918FFE7}.Debug|Any CPU.Build.0 = Debug|Any CPU
		{2B8B6F28-FCE4-4A9E-A016-1CB40918FFE7}.Release|Any CPU.ActiveCfg = Release|Any CPU
		{2B8B6F28-FCE4-4A9E-A016-1CB40918FFE7}.Release|Any CPU.Build.0 = Release|Any CPU
		{4F03E897-3890-4762-8A71-18C379BB7957}.Debug|Any CPU.ActiveCfg = Debug|Any CPU
		{4F03E897-3890-4762-8A71-18C379BB7957}.Debug|Any CPU.Build.0 = Debug|Any CPU
		{4F03E897-3890-4762-8A71-18C379BB7957}.Release|Any CPU.ActiveCfg = Release|Any CPU
		{4F03E897-3890-4762-8A71-18C379BB7957}.Release|Any CPU.Build.0 = Release|Any CPU
		{3383D0E2-C499-4F02-9D29-F744741AA999}.Debug|Any CPU.ActiveCfg = Debug|Any CPU
		{3383D0E2-C499-4F02-9D29-F744741AA999}.Debug|Any CPU.Build.0 = Debug|Any CPU
		{3383D0E2-C499-4F02-9D29-F744741AA999}.Release|Any CPU.ActiveCfg = Release|Any CPU
		{3383D0E2-C499-4F02-9D29-F744741AA999}.Release|Any CPU.Build.0 = Release|Any CPU
		{1E73929C-D2E5-4362-839D-3E8FF61545D0}.Debug|Any CPU.ActiveCfg = Debug|Any CPU
		{1E73929C-D2E5-4362-839D-3E8FF61545D0}.Debug|Any CPU.Build.0 = Debug|Any CPU
		{1E73929C-D2E5-4362-839D-3E8FF61545D0}.Release|Any CPU.ActiveCfg = Release|Any CPU
		{1E73929C-D2E5-4362-839D-3E8FF61545D0}.Release|Any CPU.Build.0 = Release|Any CPU
		{E394C94A-27B6-4E0F-A8E1-5C59AB98CC13}.Debug|Any CPU.ActiveCfg = Debug|Any CPU
		{E394C94A-27B6-4E0F-A8E1-5C59AB98CC13}.Debug|Any CPU.Build.0 = Debug|Any CPU
		{E394C94A-27B6-4E0F-A8E1-5C59AB98CC13}.Release|Any CPU.ActiveCfg = Release|Any CPU
		{E394C94A-27B6-4E0F-A8E1-5C59AB98CC13}.Release|Any CPU.Build.0 = Release|Any CPU
		{320294F2-506A-44CA-830C-C60750C9B0FB}.Debug|Any CPU.ActiveCfg = Debug|Any CPU
		{320294F2-506A-44CA-830C-C60750C9B0FB}.Debug|Any CPU.Build.0 = Debug|Any CPU
		{320294F2-506A-44CA-830C-C60750C9B0FB}.Release|Any CPU.ActiveCfg = Release|Any CPU
		{320294F2-506A-44CA-830C-C60750C9B0FB}.Release|Any CPU.Build.0 = Release|Any CPU
	EndGlobalSection
	GlobalSection(SolutionProperties) = preSolution
		HideSolutionNode = FALSE
	EndGlobalSection
EndGlobal
